
Microsoft Visual Studio Solution File, Format Version 12.00
# Visual Studio Version 17
VisualStudioVersion = 17.10.35027.167
MinimumVisualStudioVersion = 10.0.40219.1
Project("{2150E333-8FDC-42A3-9474-1A3956D46DE8}") = "Modulo_1", "Modulo_1", "{E13662B8-5012-45B0-A04A-5F4AB5986CC9}"
EndProject
Project("{FAE04EC0-301F-11D3-BF4B-00C04F79EFBC}") = "Ejercicio_practico_obligatorio", "Ejercicio_practico_obligatorio\Ejercicio_practico_obligatorio.csproj", "{1CCAC2DF-1678-43F4-9FD5-D6F1C8342E93}"
EndProject
Global
	GlobalSection(SolutionConfigurationPlatforms) = preSolution
		Debug|Any CPU = Debug|Any CPU
		Release|Any CPU = Release|Any CPU
	EndGlobalSection
	GlobalSection(ProjectConfigurationPlatforms) = postSolution
		{1CCAC2DF-1678-43F4-9FD5-D6F1C8342E93}.Debug|Any CPU.ActiveCfg = Debug|Any CPU
		{1CCAC2DF-1678-43F4-9FD5-D6F1C8342E93}.Debug|Any CPU.Build.0 = Debug|Any CPU
		{1CCAC2DF-1678-43F4-9FD5-D6F1C8342E93}.Release|Any CPU.ActiveCfg = Release|Any CPU
		{1CCAC2DF-1678-43F4-9FD5-D6F1C8342E93}.Release|Any CPU.Build.0 = Release|Any CPU
	EndGlobalSection
	GlobalSection(SolutionProperties) = preSolution
		HideSolutionNode = FALSE
	EndGlobalSection
	GlobalSection(NestedProjects) = preSolution
		{1CCAC2DF-1678-43F4-9FD5-D6F1C8342E93} = {E13662B8-5012-45B0-A04A-5F4AB5986CC9}
	EndGlobalSection
	GlobalSection(ExtensibilityGlobals) = postSolution
		SolutionGuid = {C47C3F08-1B32-4B9B-BE00-6774F6C3E723}
	EndGlobalSection
EndGlobal
